
Microsoft Visual Studio Solution File, Format Version 12.00
# Visual Studio Version 16
VisualStudioVersion = 16.0.30413.136
MinimumVisualStudioVersion = 10.0.40219.1
Project("{FAE04EC0-301F-11D3-BF4B-00C04F79EFBC}") = "FifaStore", "FifaStore.csproj", "{1F941782-9686-4B03-AF95-E41482840F68}"
EndProject
Global
	GlobalSection(SolutionConfigurationPlatforms) = preSolution
		Debug|Any CPU = Debug|Any CPU
		Release|Any CPU = Release|Any CPU
	EndGlobalSection
	GlobalSection(ProjectConfigurationPlatforms) = postSolution
		{1F941782-9686-4B03-AF95-E41482840F68}.Debug|Any CPU.ActiveCfg = Debug|Any CPU
		{1F941782-9686-4B03-AF95-E41482840F68}.Debug|Any CPU.Build.0 = Debug|Any CPU
		{1F941782-9686-4B03-AF95-E41482840F68}.Release|Any CPU.ActiveCfg = Release|Any CPU
		{1F941782-9686-4B03-AF95-E41482840F68}.Release|Any CPU.Build.0 = Release|Any CPU
	EndGlobalSection
	GlobalSection(SolutionProperties) = preSolution
		HideSolutionNode = FALSE
	EndGlobalSection
	GlobalSection(ExtensibilityGlobals) = postSolution
		SolutionGuid = {FD1EC9C0-36BB-4CA6-BC4A-E8F98B0EFFB2}
	EndGlobalSection
EndGlobal
